
Microsoft Visual Studio Solution File, Format Version 12.00
# Visual Studio Version 17
VisualStudioVersion = 17.11.35312.102
MinimumVisualStudioVersion = 10.0.40219.1
Project("{54A90642-561A-4BB1-A94E-469ADEE60C69}") = "BACKEND", "BACKEND\BACKEND.esproj", "{3BE829DD-6D26-474F-B4FA-F92B82D373B4}"
EndProject
Project("{54A90642-561A-4BB1-A94E-469ADEE60C69}") = "FRONTEND", "FRONTEND\FRONTEND.esproj", "{E196200C-EB45-4E9C-BDB0-2F5575868BF5}"
EndProject
Global
	GlobalSection(SolutionConfigurationPlatforms) = preSolution
		Debug|Any CPU = Debug|Any CPU
		Release|Any CPU = Release|Any CPU
	EndGlobalSection
	GlobalSection(ProjectConfigurationPlatforms) = postSolution
		{3BE829DD-6D26-474F-B4FA-F92B82D373B4}.Debug|Any CPU.ActiveCfg = Debug|Any CPU
		{3BE829DD-6D26-474F-B4FA-F92B82D373B4}.Debug|Any CPU.Build.0 = Debug|Any CPU
		{3BE829DD-6D26-474F-B4FA-F92B82D373B4}.Debug|Any CPU.Deploy.0 = Debug|Any CPU
		{3BE829DD-6D26-474F-B4FA-F92B82D373B4}.Release|Any CPU.ActiveCfg = Release|Any CPU
		{3BE829DD-6D26-474F-B4FA-F92B82D373B4}.Release|Any CPU.Build.0 = Release|Any CPU
		{3BE829DD-6D26-474F-B4FA-F92B82D373B4}.Release|Any CPU.Deploy.0 = Release|Any CPU
		{E196200C-EB45-4E9C-BDB0-2F5575868BF5}.Debug|Any CPU.ActiveCfg = Debug|Any CPU
		{E196200C-EB45-4E9C-BDB0-2F5575868BF5}.Debug|Any CPU.Build.0 = Debug|Any CPU
		{E196200C-EB45-4E9C-BDB0-2F5575868BF5}.Debug|Any CPU.Deploy.0 = Debug|Any CPU
		{E196200C-EB45-4E9C-BDB0-2F5575868BF5}.Release|Any CPU.ActiveCfg = Release|Any CPU
		{E196200C-EB45-4E9C-BDB0-2F5575868BF5}.Release|Any CPU.Build.0 = Release|Any CPU
		{E196200C-EB45-4E9C-BDB0-2F5575868BF5}.Release|Any CPU.Deploy.0 = Release|Any CPU
	EndGlobalSection
	GlobalSection(SolutionProperties) = preSolution
		HideSolutionNode = FALSE
	EndGlobalSection
	GlobalSection(ExtensibilityGlobals) = postSolution
		SolutionGuid = {D9232059-47C3-44E1-A33E-684B21B947D1}
	EndGlobalSection
EndGlobal
